
Microsoft Visual Studio Solution File, Format Version 12.00
# Visual Studio Version 17
VisualStudioVersion = 17.9.34622.214
MinimumVisualStudioVersion = 10.0.40219.1
Project("{FAE04EC0-301F-11D3-BF4B-00C04F79EFBC}") = "RecursionPractices", "RecursionPractices.csproj", "{DF3927E9-B0C1-403E-9883-5D466A8F4620}"
EndProject
Global
	GlobalSection(SolutionConfigurationPlatforms) = preSolution
		Debug|Any CPU = Debug|Any CPU
		Release|Any CPU = Release|Any CPU
	EndGlobalSection
	GlobalSection(ProjectConfigurationPlatforms) = postSolution
		{DF3927E9-B0C1-403E-9883-5D466A8F4620}.Debug|Any CPU.ActiveCfg = Debug|Any CPU
		{DF3927E9-B0C1-403E-9883-5D466A8F4620}.Debug|Any CPU.Build.0 = Debug|Any CPU
		{DF3927E9-B0C1-403E-9883-5D466A8F4620}.Release|Any CPU.ActiveCfg = Release|Any CPU
		{DF3927E9-B0C1-403E-9883-5D466A8F4620}.Release|Any CPU.Build.0 = Release|Any CPU
	EndGlobalSection
	GlobalSection(SolutionProperties) = preSolution
		HideSolutionNode = FALSE
	EndGlobalSection
	GlobalSection(ExtensibilityGlobals) = postSolution
		SolutionGuid = {E6B5A6D0-2FB8-49FA-931D-F3EB9BD6DBFF}
	EndGlobalSection
EndGlobal
